
Microsoft Visual Studio Solution File, Format Version 12.00
# Visual Studio Version 17
VisualStudioVersion = 17.2.32630.192
MinimumVisualStudioVersion = 10.0.40219.1
Project("{FAE04EC0-301F-11D3-BF4B-00C04F79EFBC}") = "ELfR.Communications.Email", "ELfR.Communications.Email\ELfR.Communications.Email.csproj", "{2A9F96D6-E20E-4A50-98C3-CE76105AAA57}"
EndProject
Project("{FAE04EC0-301F-11D3-BF4B-00C04F79EFBC}") = "ELfR.Communications.Email.Tests", "ELfR.Communications.Email.Tests\ELfR.Communications.Email.Tests.csproj", "{A9CCDEB3-9679-43F7-B210-F1BDB018CBDA}"
EndProject
Project("{2150E333-8FDC-42A3-9474-1A3956D46DE8}") = "Global", "Global", "{DD96394C-5EAD-479C-B087-28A238902319}"
	ProjectSection(SolutionItems) = preProject
		.gitignore = .gitignore
		LICENSE = LICENSE
		README.md = README.md
	EndProjectSection
EndProject
Project("{FAE04EC0-301F-11D3-BF4B-00C04F79EFBC}") = "ELfR.Communications.Email.Cli", "ELfR.Communications.Email.Cli\ELfR.Communications.Email.Cli.csproj", "{F62B7B70-2197-47F0-8646-A5E88685432E}"
EndProject
Global
	GlobalSection(SolutionConfigurationPlatforms) = preSolution
		Debug|Any CPU = Debug|Any CPU
		Release|Any CPU = Release|Any CPU
	EndGlobalSection
	GlobalSection(ProjectConfigurationPlatforms) = postSolution
		{2A9F96D6-E20E-4A50-98C3-CE76105AAA57}.Debug|Any CPU.ActiveCfg = Debug|Any CPU
		{2A9F96D6-E20E-4A50-98C3-CE76105AAA57}.Debug|Any CPU.Build.0 = Debug|Any CPU
		{2A9F96D6-E20E-4A50-98C3-CE76105AAA57}.Release|Any CPU.ActiveCfg = Release|Any CPU
		{2A9F96D6-E20E-4A50-98C3-CE76105AAA57}.Release|Any CPU.Build.0 = Release|Any CPU
		{A9CCDEB3-9679-43F7-B210-F1BDB018CBDA}.Debug|Any CPU.ActiveCfg = Debug|Any CPU
		{A9CCDEB3-9679-43F7-B210-F1BDB018CBDA}.Debug|Any CPU.Build.0 = Debug|Any CPU
		{A9CCDEB3-9679-43F7-B210-F1BDB018CBDA}.Release|Any CPU.ActiveCfg = Release|Any CPU
		{F62B7B70-2197-47F0-8646-A5E88685432E}.Debug|Any CPU.ActiveCfg = Debug|Any CPU
		{F62B7B70-2197-47F0-8646-A5E88685432E}.Debug|Any CPU.Build.0 = Debug|Any CPU
		{F62B7B70-2197-47F0-8646-A5E88685432E}.Release|Any CPU.ActiveCfg = Release|Any CPU
		{F62B7B70-2197-47F0-8646-A5E88685432E}.Release|Any CPU.Build.0 = Release|Any CPU
	EndGlobalSection
	GlobalSection(SolutionProperties) = preSolution
		HideSolutionNode = FALSE
	EndGlobalSection
	GlobalSection(ExtensibilityGlobals) = postSolution
		SolutionGuid = {2FFAF488-2C11-4CE1-96C7-60A3C471DD31}
	EndGlobalSection
EndGlobal
